{
  "nodes": {
    "flake-utils": {
      "locked": {
        "lastModified": 1638122382,
        "narHash": "sha256-sQzZzAbvKEqN9s0bzWuYmRaA03v40gaJ4+iL1LXjaeI=",
        "owner": "numtide",
        "repo": "flake-utils",
        "rev": "74f7e4319258e287b0f9cb95426c9853b282730b",
        "type": "github"
      },
      "original": {
        "owner": "numtide",
        "repo": "flake-utils",
        "type": "github"
      }
    },
    "gandi-provider": {
      "flake": false,
      "locked": {
        "lastModified": 1641680137,
        "narHash": "sha256-LMaqfQXVd5xyQIJer/NaC8Zsb+0LVSMuoJCiFW3d0as=",
        "owner": "vincentbernat",
        "repo": "pulumi-gandi",
        "rev": "8eb3610d62e626c9ef75b8fbf393f5aab0e147a6",
        "type": "github"
      },
      "original": {
        "owner": "vincentbernat",
        "repo": "pulumi-gandi",
        "type": "github"
      }
    },
    "nixpkgs": {
      "locked": {
        "lastModified": 1641051742,
        "narHash": "sha256-PnJ0uMt5yzR4sUktLYSIXxPrE521d/LTXcuidYd3GqI=",
        "owner": "nixos",
        "repo": "nixpkgs",
        "rev": "18b5f23c02a4f83683d6534b997656a4209a7b4c",
        "type": "github"
      },
      "original": {
        "owner": "nixos",
        "repo": "nixpkgs",
        "type": "github"
      }
    },
    "pulumictl": {
      "flake": false,
      "locked": {
        "lastModified": 1638296480,
        "narHash": "sha256-2jTxtgEg+x/NY/LTWT5+9K9bilOw2bLTUIctjd+qwLE=",
        "owner": "pulumi",
        "repo": "pulumictl",
        "rev": "dcda1de4811d6b5a8d24b4fedfacf34096a4402b",
        "type": "github"
      },
      "original": {
        "owner": "pulumi",
        "ref": "v0.0.29",
        "repo": "pulumictl",
        "type": "github"
      }
    },
    "root": {
      "inputs": {
        "flake-utils": "flake-utils",
        "gandi-provider": "gandi-provider",
        "nixpkgs": "nixpkgs",
        "pulumictl": "pulumictl",
        "vultr-provider": "vultr-provider"
      }
    },
    "vultr-provider": {
      "flake": false,
      "locked": {
        "lastModified": 1640072316,
        "narHash": "sha256-MxBgrs3hunZ1ub1GlhYup2Zw/Uypws3xMYmvbDwjtbU=",
        "owner": "vincentbernat",
        "repo": "pulumi-vultr",
        "rev": "171c75f59d169a62e5486bf9e7f6f421bbe0b7c8",
        "type": "github"
      },
      "original": {
        "owner": "vincentbernat",
        "repo": "pulumi-vultr",
        "type": "github"
      }
    }
  },
  "root": "root",
  "version": 7
}
